// !$*UTF8*$!
{
	archiveVersion = 1;
	classes = {
	};
	objectVersion = 46;
	objects = {

/* Begin PBXBuildFile section */
		0004F2A21C48940700F98514 /* LightStatusBarNavigationController.m in Sources */ = {isa = PBXBuildFile; fileRef = 0004F2A11C48940700F98514 /* LightStatusBarNavigationController.m */; };
		0004F2A81C48A6FC00F98514 /* UIColor+Darken.m in Sources */ = {isa = PBXBuildFile; fileRef = 0004F2A71C48A6FC00F98514 /* UIColor+Darken.m */; };
		00B1B5BB1C472CE500784F4C /* PlayerTableViewDelegate.m in Sources */ = {isa = PBXBuildFile; fileRef = 00B1B5BA1C472CE500784F4C /* PlayerTableViewDelegate.m */; };
		00B1B5BE1C472CF300784F4C /* PlayerTableViewDataSource.m in Sources */ = {isa = PBXBuildFile; fileRef = 00B1B5BD1C472CF300784F4C /* PlayerTableViewDataSource.m */; };
		00E669751C46C41700F97EAC /* main.m in Sources */ = {isa = PBXBuildFile; fileRef = 00E669741C46C41700F97EAC /* main.m */; };
		00E669781C46C41700F97EAC /* AppDelegate.m in Sources */ = {isa = PBXBuildFile; fileRef = 00E669771C46C41700F97EAC /* AppDelegate.m */; };
		00E6697B1C46C41700F97EAC /* PlayerViewController.m in Sources */ = {isa = PBXBuildFile; fileRef = 00E6697A1C46C41700F97EAC /* PlayerViewController.m */; };
		00E6697E1C46C41700F97EAC /* Main.storyboard in Resources */ = {isa = PBXBuildFile; fileRef = 00E6697C1C46C41700F97EAC /* Main.storyboard */; };
		00E669801C46C41700F97EAC /* Assets.xcassets in Resources */ = {isa = PBXBuildFile; fileRef = 00E6697F1C46C41700F97EAC /* Assets.xcassets */; };
		00E669831C46C41700F97EAC /* LaunchScreen.storyboard in Resources */ = {isa = PBXBuildFile; fileRef = 00E669811C46C41700F97EAC /* LaunchScreen.storyboard */; };
		00E6698E1C46C41700F97EAC /* Sound_Manager_DemoTests.m in Sources */ = {isa = PBXBuildFile; fileRef = 00E6698D1C46C41700F97EAC /* Sound_Manager_DemoTests.m */; };
		00E669A81C46C43C00F97EAC /* SoundManager.m in Sources */ = {isa = PBXBuildFile; fileRef = 00E669A71C46C43C00F97EAC /* SoundManager.m */; };
		00E669AA1C46C5E400F97EAC /* Sounds in Resources */ = {isa = PBXBuildFile; fileRef = 00E669A91C46C5E400F97EAC /* Sounds */; };
		00E669AD1C46C61500F97EAC /* Sound.m in Sources */ = {isa = PBXBuildFile; fileRef = 00E669AC1C46C61500F97EAC /* Sound.m */; };
/* End PBXBuildFile section */

/* Begin PBXContainerItemProxy section */
		00E6698A1C46C41700F97EAC /* PBXContainerItemProxy */ = {
			isa = PBXContainerItemProxy;
			containerPortal = 00E669681C46C41600F97EAC /* Project object */;
			proxyType = 1;
			remoteGlobalIDString = 00E6696F1C46C41600F97EAC;
			remoteInfo = "Sound Manager Demo";
		};
/* End PBXContainerItemProxy section */

/* Begin PBXFileReference section */
		0004F2A01C48940700F98514 /* LightStatusBarNavigationController.h */ = {isa = PBXFileReference; fileEncoding = 4; lastKnownFileType = sourcecode.c.h; path = LightStatusBarNavigationController.h; sourceTree = "<group>"; };
		0004F2A11C48940700F98514 /* LightStatusBarNavigationController.m */ = {isa = PBXFileReference; fileEncoding = 4; lastKnownFileType = sourcecode.c.objc; path = LightStatusBarNavigationController.m; sourceTree = "<group>"; };
		0004F2A61C48A6FC00F98514 /* UIColor+Darken.h */ = {isa = PBXFileReference; fileEncoding = 4; lastKnownFileType = sourcecode.c.h; path = "UIColor+Darken.h"; sourceTree = "<group>"; };
		0004F2A71C48A6FC00F98514 /* UIColor+Darken.m */ = {isa = PBXFileReference; fileEncoding = 4; lastKnownFileType = sourcecode.c.objc; path = "UIColor+Darken.m"; sourceTree = "<group>"; };
		00B1B5B91C472CE500784F4C /* PlayerTableViewDelegate.h */ = {isa = PBXFileReference; fileEncoding = 4; lastKnownFileType = sourcecode.c.h; path = PlayerTableViewDelegate.h; sourceTree = "<group>"; };
		00B1B5BA1C472CE500784F4C /* PlayerTableViewDelegate.m */ = {isa = PBXFileReference; fileEncoding = 4; lastKnownFileType = sourcecode.c.objc; path = PlayerTableViewDelegate.m; sourceTree = "<group>"; };
		00B1B5BC1C472CF300784F4C /* PlayerTableViewDataSource.h */ = {isa = PBXFileReference; fileEncoding = 4; lastKnownFileType = sourcecode.c.h; path = PlayerTableViewDataSource.h; sourceTree = "<group>"; };
		00B1B5BD1C472CF300784F4C /* PlayerTableViewDataSource.m */ = {isa = PBXFileReference; fileEncoding = 4; lastKnownFileType = sourcecode.c.objc; path = PlayerTableViewDataSource.m; sourceTree = "<group>"; };
		00B1B5C21C4743CC00784F4C /* VersionChecks.h */ = {isa = PBXFileReference; fileEncoding = 4; lastKnownFileType = sourcecode.c.h; path = VersionChecks.h; sourceTree = "<group>"; };
		00E669701C46C41600F97EAC /* Sound Manager Demo.app */ = {isa = PBXFileReference; explicitFileType = wrapper.application; includeInIndex = 0; path = "Sound Manager Demo.app"; sourceTree = BUILT_PRODUCTS_DIR; };
		00E669741C46C41700F97EAC /* main.m */ = {isa = PBXFileReference; lastKnownFileType = sourcecode.c.objc; path = main.m; sourceTree = "<group>"; };
		00E669761C46C41700F97EAC /* AppDelegate.h */ = {isa = PBXFileReference; lastKnownFileType = sourcecode.c.h; path = AppDelegate.h; sourceTree = "<group>"; };
		00E669771C46C41700F97EAC /* AppDelegate.m */ = {isa = PBXFileReference; lastKnownFileType = sourcecode.c.objc; path = AppDelegate.m; sourceTree = "<group>"; };
		00E669791C46C41700F97EAC /* PlayerViewController.h */ = {isa = PBXFileReference; lastKnownFileType = sourcecode.c.h; path = PlayerViewController.h; sourceTree = "<group>"; };
		00E6697A1C46C41700F97EAC /* PlayerViewController.m */ = {isa = PBXFileReference; lastKnownFileType = sourcecode.c.objc; path = PlayerViewController.m; sourceTree = "<group>"; };
		00E6697D1C46C41700F97EAC /* Base */ = {isa = PBXFileReference; lastKnownFileType = file.storyboard; name = Base; path = Base.lproj/Main.storyboard; sourceTree = "<group>"; };
		00E6697F1C46C41700F97EAC /* Assets.xcassets */ = {isa = PBXFileReference; lastKnownFileType = folder.assetcatalog; path = Assets.xcassets; sourceTree = "<group>"; };
		00E669821C46C41700F97EAC /* Base */ = {isa = PBXFileReference; lastKnownFileType = file.storyboard; name = Base; path = Base.lproj/LaunchScreen.storyboard; sourceTree = "<group>"; };
		00E669841C46C41700F97EAC /* Info.plist */ = {isa = PBXFileReference; lastKnownFileType = text.plist.xml; path = Info.plist; sourceTree = "<group>"; };
		00E669891C46C41700F97EAC /* Sound Manager DemoTests.xctest */ = {isa = PBXFileReference; explicitFileType = wrapper.cfbundle; includeInIndex = 0; path = "Sound Manager DemoTests.xctest"; sourceTree = BUILT_PRODUCTS_DIR; };
		00E6698D1C46C41700F97EAC /* Sound_Manager_DemoTests.m */ = {isa = PBXFileReference; lastKnownFileType = sourcecode.c.objc; path = Sound_Manager_DemoTests.m; sourceTree = "<group>"; };
		00E6698F1C46C41700F97EAC /* Info.plist */ = {isa = PBXFileReference; lastKnownFileType = text.plist.xml; path = Info.plist; sourceTree = "<group>"; };
		00E669A61C46C43C00F97EAC /* SoundManager.h */ = {isa = PBXFileReference; fileEncoding = 4; lastKnownFileType = sourcecode.c.h; path = SoundManager.h; sourceTree = "<group>"; };
		00E669A71C46C43C00F97EAC /* SoundManager.m */ = {isa = PBXFileReference; fileEncoding = 4; lastKnownFileType = sourcecode.c.objc; path = SoundManager.m; sourceTree = "<group>"; };
		00E669A91C46C5E400F97EAC /* Sounds */ = {isa = PBXFileReference; lastKnownFileType = folder; path = Sounds; sourceTree = "<group>"; };
		00E669AB1C46C61500F97EAC /* Sound.h */ = {isa = PBXFileReference; fileEncoding = 4; lastKnownFileType = sourcecode.c.h; path = Sound.h; sourceTree = "<group>"; };
		00E669AC1C46C61500F97EAC /* Sound.m */ = {isa = PBXFileReference; fileEncoding = 4; lastKnownFileType = sourcecode.c.objc; path = Sound.m; sourceTree = "<group>"; };
/* End PBXFileReference section */

/* Begin PBXFrameworksBuildPhase section */
		00E6696D1C46C41600F97EAC /* Frameworks */ = {
			isa = PBXFrameworksBuildPhase;
			buildActionMask = 2147483647;
			files = (
			);
			runOnlyForDeploymentPostprocessing = 0;
		};
		00E669861C46C41700F97EAC /* Frameworks */ = {
			isa = PBXFrameworksBuildPhase;
			buildActionMask = 2147483647;
			files = (
			);
			runOnlyForDeploymentPostprocessing = 0;
		};
/* End PBXFrameworksBuildPhase section */

/* Begin PBXGroup section */
		0004F2A91C48B67300F98514 /* Helper */ = {
			isa = PBXGroup;
			children = (
				0004F2A61C48A6FC00F98514 /* UIColor+Darken.h */,
				0004F2A71C48A6FC00F98514 /* UIColor+Darken.m */,
				00B1B5C21C4743CC00784F4C /* VersionChecks.h */,
			);
			path = Helper;
			sourceTree = "<group>";
		};
		00B1B5BF1C472D5E00784F4C /* PlayerTableViewController */ = {
			isa = PBXGroup;
			children = (
				00B1B5BC1C472CF300784F4C /* PlayerTableViewDataSource.h */,
				00B1B5BD1C472CF300784F4C /* PlayerTableViewDataSource.m */,
				00B1B5B91C472CE500784F4C /* PlayerTableViewDelegate.h */,
				00B1B5BA1C472CE500784F4C /* PlayerTableViewDelegate.m */,
				00E669791C46C41700F97EAC /* PlayerViewController.h */,
				00E6697A1C46C41700F97EAC /* PlayerViewController.m */,
			);
			path = PlayerTableViewController;
			sourceTree = "<group>";
		};
		00E669671C46C41600F97EAC = {
			isa = PBXGroup;
			children = (
				00E669721C46C41600F97EAC /* Sound Manager Demo */,
				00E6698C1C46C41700F97EAC /* Sound Manager DemoTests */,
				00E669711C46C41600F97EAC /* Products */,
			);
			sourceTree = "<group>";
		};
		00E669711C46C41600F97EAC /* Products */ = {
			isa = PBXGroup;
			children = (
				00E669701C46C41600F97EAC /* Sound Manager Demo.app */,
				00E669891C46C41700F97EAC /* Sound Manager DemoTests.xctest */,
			);
			name = Products;
			sourceTree = "<group>";
		};
		00E669721C46C41600F97EAC /* Sound Manager Demo */ = {
			isa = PBXGroup;
			children = (
				0004F2A91C48B67300F98514 /* Helper */,
				00B1B5BF1C472D5E00784F4C /* PlayerTableViewController */,
				00E669AE1C46CF4100F97EAC /* Sound Management */,
				00E669731C46C41700F97EAC /* Supporting Files */,
				00E669761C46C41700F97EAC /* AppDelegate.h */,
				00E669771C46C41700F97EAC /* AppDelegate.m */,
				00E6697F1C46C41700F97EAC /* Assets.xcassets */,
				00E669841C46C41700F97EAC /* Info.plist */,
				00E669811C46C41700F97EAC /* LaunchScreen.storyboard */,
				0004F2A01C48940700F98514 /* LightStatusBarNavigationController.h */,
				0004F2A11C48940700F98514 /* LightStatusBarNavigationController.m */,
				00E6697C1C46C41700F97EAC /* Main.storyboard */,
			);
			path = "Sound Manager Demo";
			sourceTree = "<group>";
		};
		00E669731C46C41700F97EAC /* Supporting Files */ = {
			isa = PBXGroup;
			children = (
				00E669A91C46C5E400F97EAC /* Sounds */,
				00E669741C46C41700F97EAC /* main.m */,
			);
			path = "Supporting Files";
			sourceTree = "<group>";
		};
		00E6698C1C46C41700F97EAC /* Sound Manager DemoTests */ = {
			isa = PBXGroup;
			children = (
				00E6698F1C46C41700F97EAC /* Info.plist */,
				00E6698D1C46C41700F97EAC /* Sound_Manager_DemoTests.m */,
			);
			path = "Sound Manager DemoTests";
			sourceTree = "<group>";
		};
		00E669AE1C46CF4100F97EAC /* Sound Management */ = {
			isa = PBXGroup;
			children = (
				00E669AB1C46C61500F97EAC /* Sound.h */,
				00E669AC1C46C61500F97EAC /* Sound.m */,
				00E669A61C46C43C00F97EAC /* SoundManager.h */,
				00E669A71C46C43C00F97EAC /* SoundManager.m */,
			);
			path = "Sound Management";
			sourceTree = "<group>";
		};
/* End PBXGroup section */

/* Begin PBXNativeTarget section */
		00E6696F1C46C41600F97EAC /* Sound Manager Demo */ = {
			isa = PBXNativeTarget;
			buildConfigurationList = 00E6699D1C46C41700F97EAC /* Build configuration list for PBXNativeTarget "Sound Manager Demo" */;
			buildPhases = (
				00E6696C1C46C41600F97EAC /* Sources */,
				00E6696D1C46C41600F97EAC /* Frameworks */,
				00E6696E1C46C41600F97EAC /* Resources */,
			);
			buildRules = (
			);
			dependencies = (
			);
			name = "Sound Manager Demo";
			productName = "Sound Manager Demo";
			productReference = 00E669701C46C41600F97EAC /* Sound Manager Demo.app */;
			productType = "com.apple.product-type.application";
		};
		00E669881C46C41700F97EAC /* Sound Manager DemoTests */ = {
			isa = PBXNativeTarget;
			buildConfigurationList = 00E669A01C46C41700F97EAC /* Build configuration list for PBXNativeTarget "Sound Manager DemoTests" */;
			buildPhases = (
				00E669851C46C41700F97EAC /* Sources */,
				00E669861C46C41700F97EAC /* Frameworks */,
				00E669871C46C41700F97EAC /* Resources */,
			);
			buildRules = (
			);
			dependencies = (
				00E6698B1C46C41700F97EAC /* PBXTargetDependency */,
			);
			name = "Sound Manager DemoTests";
			productName = "Sound Manager DemoTests";
			productReference = 00E669891C46C41700F97EAC /* Sound Manager DemoTests.xctest */;
			productType = "com.apple.product-type.bundle.unit-test";
		};
/* End PBXNativeTarget section */

/* Begin PBXProject section */
		00E669681C46C41600F97EAC /* Project object */ = {
			isa = PBXProject;
			attributes = {
				LastUpgradeCheck = 0720;
				ORGANIZATIONNAME = "Michael MacCallum";
				TargetAttributes = {
					00E6696F1C46C41600F97EAC = {
						CreatedOnToolsVersion = 7.2;
					};
					00E669881C46C41700F97EAC = {
						CreatedOnToolsVersion = 7.2;
						TestTargetID = 00E6696F1C46C41600F97EAC;
					};
				};
			};
			buildConfigurationList = 00E6696B1C46C41600F97EAC /* Build configuration list for PBXProject "Sound Manager Demo" */;
			compatibilityVersion = "Xcode 3.2";
			developmentRegion = English;
			hasScannedForEncodings = 0;
			knownRegions = (
				en,
				Base,
			);
			mainGroup = 00E669671C46C41600F97EAC;
			productRefGroup = 00E669711C46C41600F97EAC /* Products */;
			projectDirPath = "";
			projectRoot = "";
			targets = (
				00E6696F1C46C41600F97EAC /* Sound Manager Demo */,
				00E669881C46C41700F97EAC /* Sound Manager DemoTests */,
			);
		};
/* End PBXProject section */

/* Begin PBXResourcesBuildPhase section */
		00E6696E1C46C41600F97EAC /* Resources */ = {
			isa = PBXResourcesBuildPhase;
			buildActionMask = 2147483647;
			files = (
				00E669831C46C41700F97EAC /* LaunchScreen.storyboard in Resources */,
				00E669801C46C41700F97EAC /* Assets.xcassets in Resources */,
				00E669AA1C46C5E400F97EAC /* Sounds in Resources */,
				00E6697E1C46C41700F97EAC /* Main.storyboard in Resources */,
			);
			runOnlyForDeploymentPostprocessing = 0;
		};
		00E669871C46C41700F97EAC /* Resources */ = {
			isa = PBXResourcesBuildPhase;
			buildActionMask = 2147483647;
			files = (
			);
			runOnlyForDeploymentPostprocessing = 0;
		};
/* End PBXResourcesBuildPhase section */

/* Begin PBXSourcesBuildPhase section */
		00E6696C1C46C41600F97EAC /* Sources */ = {
			isa = PBXSourcesBuildPhase;
			buildActionMask = 2147483647;
			files = (
				0004F2A81C48A6FC00F98514 /* UIColor+Darken.m in Sources */,
				00E6697B1C46C41700F97EAC /* PlayerViewController.m in Sources */,
				00B1B5BE1C472CF300784F4C /* PlayerTableViewDataSource.m in Sources */,
				00E669A81C46C43C00F97EAC /* SoundManager.m in Sources */,
				00E669781C46C41700F97EAC /* AppDelegate.m in Sources */,
				00E669AD1C46C61500F97EAC /* Sound.m in Sources */,
				0004F2A21C48940700F98514 /* LightStatusBarNavigationController.m in Sources */,
				00B1B5BB1C472CE500784F4C /* PlayerTableViewDelegate.m in Sources */,
				00E669751C46C41700F97EAC /* main.m in Sources */,
			);
			runOnlyForDeploymentPostprocessing = 0;
		};
		00E669851C46C41700F97EAC /* Sources */ = {
			isa = PBXSourcesBuildPhase;
			buildActionMask = 2147483647;
			files = (
				00E6698E1C46C41700F97EAC /* Sound_Manager_DemoTests.m in Sources */,
			);
			runOnlyForDeploymentPostprocessing = 0;
		};
/* End PBXSourcesBuildPhase section */

/* Begin PBXTargetDependency section */
		00E6698B1C46C41700F97EAC /* PBXTargetDependency */ = {
			isa = PBXTargetDependency;
			target = 00E6696F1C46C41600F97EAC /* Sound Manager Demo */;
			targetProxy = 00E6698A1C46C41700F97EAC /* PBXContainerItemProxy */;
		};
/* End PBXTargetDependency section */

/* Begin PBXVariantGroup section */
		00E6697C1C46C41700F97EAC /* Main.storyboard */ = {
			isa = PBXVariantGroup;
			children = (
				00E6697D1C46C41700F97EAC /* Base */,
			);
			name = Main.storyboard;
			path = .;
			sourceTree = "<group>";
		};
		00E669811C46C41700F97EAC /* LaunchScreen.storyboard */ = {
			isa = PBXVariantGroup;
			children = (
				00E669821C46C41700F97EAC /* Base */,
			);
			name = LaunchScreen.storyboard;
			path = .;
			sourceTree = "<group>";
		};
/* End PBXVariantGroup section */

/* Begin XCBuildConfiguration section */
		00E6699B1C46C41700F97EAC /* Debug */ = {
			isa = XCBuildConfiguration;
			buildSettings = {
				ALWAYS_SEARCH_USER_PATHS = NO;
				CLANG_CXX_LANGUAGE_STANDARD = "gnu++0x";
				CLANG_CXX_LIBRARY = "libc++";
				CLANG_ENABLE_MODULES = YES;
				CLANG_ENABLE_OBJC_ARC = YES;
				CLANG_WARN_BOOL_CONVERSION = YES;
				CLANG_WARN_CONSTANT_CONVERSION = YES;
				CLANG_WARN_DIRECT_OBJC_ISA_USAGE = YES_ERROR;
				CLANG_WARN_EMPTY_BODY = YES;
				CLANG_WARN_ENUM_CONVERSION = YES;
				CLANG_WARN_INT_CONVERSION = YES;
				CLANG_WARN_OBJC_ROOT_CLASS = YES_ERROR;
				CLANG_WARN_UNREACHABLE_CODE = YES;
				CLANG_WARN__DUPLICATE_METHOD_MATCH = YES;
				"CODE_SIGN_IDENTITY[sdk=iphoneos*]" = "iPhone Developer";
				COPY_PHASE_STRIP = NO;
				DEBUG_INFORMATION_FORMAT = dwarf;
				ENABLE_STRICT_OBJC_MSGSEND = YES;
				ENABLE_TESTABILITY = YES;
				GCC_C_LANGUAGE_STANDARD = gnu99;
				GCC_DYNAMIC_NO_PIC = NO;
				GCC_NO_COMMON_BLOCKS = YES;
				GCC_OPTIMIZATION_LEVEL = 0;
				GCC_PREPROCESSOR_DEFINITIONS = (
					"DEBUG=1",
					"$(inherited)",
				);
				GCC_WARN_64_TO_32_BIT_CONVERSION = YES;
				GCC_WARN_ABOUT_RETURN_TYPE = YES_ERROR;
				GCC_WARN_UNDECLARED_SELECTOR = YES;
				GCC_WARN_UNINITIALIZED_AUTOS = YES_AGGRESSIVE;
				GCC_WARN_UNUSED_FUNCTION = YES;
				GCC_WARN_UNUSED_VARIABLE = YES;
				IPHONEOS_DEPLOYMENT_TARGET = 9.2;
				MTL_ENABLE_DEBUG_INFO = YES;
				ONLY_ACTIVE_ARCH = YES;
				SDKROOT = iphoneos;
			};
			name = Debug;
		};
		00E6699C1C46C41700F97EAC /* Release */ = {
			isa = XCBuildConfiguration;
			buildSettings = {
				ALWAYS_SEARCH_USER_PATHS = NO;
				CLANG_CXX_LANGUAGE_STANDARD = "gnu++0x";
				CLANG_CXX_LIBRARY = "libc++";
				CLANG_ENABLE_MODULES = YES;
				CLANG_ENABLE_OBJC_ARC = YES;
				CLANG_WARN_BOOL_CONVERSION = YES;
				CLANG_WARN_CONSTANT_CONVERSION = YES;
				CLANG_WARN_DIRECT_OBJC_ISA_USAGE = YES_ERROR;
				CLANG_WARN_EMPTY_BODY = YES;
				CLANG_WARN_ENUM_CONVERSION = YES;
				CLANG_WARN_INT_CONVERSION = YES;
				CLANG_WARN_OBJC_ROOT_CLASS = YES_ERROR;
				CLANG_WARN_UNREACHABLE_CODE = YES;
				CLANG_WARN__DUPLICATE_METHOD_MATCH = YES;
				"CODE_SIGN_IDENTITY[sdk=iphoneos*]" = "iPhone Developer";
				COPY_PHASE_STRIP = NO;
				DEBUG_INFORMATION_FORMAT = "dwarf-with-dsym";
				ENABLE_NS_ASSERTIONS = NO;
				ENABLE_STRICT_OBJC_MSGSEND = YES;
				GCC_C_LANGUAGE_STANDARD = gnu99;
				GCC_NO_COMMON_BLOCKS = YES;
				GCC_WARN_64_TO_32_BIT_CONVERSION = YES;
				GCC_WARN_ABOUT_RETURN_TYPE = YES_ERROR;
				GCC_WARN_UNDECLARED_SELECTOR = YES;
				GCC_WARN_UNINITIALIZED_AUTOS = YES_AGGRESSIVE;
				GCC_WARN_UNUSED_FUNCTION = YES;
				GCC_WARN_UNUSED_VARIABLE = YES;
				IPHONEOS_DEPLOYMENT_TARGET = 9.2;
				MTL_ENABLE_DEBUG_INFO = NO;
				SDKROOT = iphoneos;
				VALIDATE_PRODUCT = YES;
			};
			name = Release;
		};
		00E6699E1C46C41700F97EAC /* Debug */ = {
			isa = XCBuildConfiguration;
			buildSettings = {
				ASSETCATALOG_COMPILER_APPICON_NAME = AppIcon;
				INFOPLIST_FILE = "Sound Manager Demo/Info.plist";
				IPHONEOS_DEPLOYMENT_TARGET = 7.0;
				LD_RUNPATH_SEARCH_PATHS = "$(inherited) @executable_path/Frameworks";
				PRODUCT_BUNDLE_IDENTIFIER = "com.Michael-MacCallum.Sound-Manager-Demo";
				PRODUCT_NAME = "$(TARGET_NAME)";
				TARGETED_DEVICE_FAMILY = "1,2";
			};
			name = Debug;
		};
		00E6699F1C46C41700F97EAC /* Release */ = {
			isa = XCBuildConfiguration;
			buildSettings = {
				ASSETCATALOG_COMPILER_APPICON_NAME = AppIcon;
				INFOPLIST_FILE = "Sound Manager Demo/Info.plist";
				IPHONEOS_DEPLOYMENT_TARGET = 7.0;
				LD_RUNPATH_SEARCH_PATHS = "$(inherited) @executable_path/Frameworks";
				PRODUCT_BUNDLE_IDENTIFIER = "com.Michael-MacCallum.Sound-Manager-Demo";
				PRODUCT_NAME = "$(TARGET_NAME)";
				TARGETED_DEVICE_FAMILY = "1,2";
			};
			name = Release;
		};
		00E669A11C46C41700F97EAC /* Debug */ = {
			isa = XCBuildConfiguration;
			buildSettings = {
				BUNDLE_LOADER = "$(TEST_HOST)";
				INFOPLIST_FILE = "Sound Manager DemoTests/Info.plist";
				LD_RUNPATH_SEARCH_PATHS = "$(inherited) @executable_path/Frameworks @loader_path/Frameworks";
				PRODUCT_BUNDLE_IDENTIFIER = "com.Michael-MacCallum.Sound-Manager-DemoTests";
				PRODUCT_NAME = "$(TARGET_NAME)";
				TEST_HOST = "$(BUILT_PRODUCTS_DIR)/Sound Manager Demo.app/Sound Manager Demo";
			};
			name = Debug;
		};
		00E669A21C46C41700F97EAC /* Release */ = {
			isa = XCBuildConfiguration;
			buildSettings = {
				BUNDLE_LOADER = "$(TEST_HOST)";
				INFOPLIST_FILE = "Sound Manager DemoTests/Info.plist";
				LD_RUNPATH_SEARCH_PATHS = "$(inherited) @executable_path/Frameworks @loader_path/Frameworks";
				PRODUCT_BUNDLE_IDENTIFIER = "com.Michael-MacCallum.Sound-Manager-DemoTests";
				PRODUCT_NAME = "$(TARGET_NAME)";
				TEST_HOST = "$(BUILT_PRODUCTS_DIR)/Sound Manager Demo.app/Sound Manager Demo";
			};
			name = Release;
		};
/* End XCBuildConfiguration section */

/* Begin XCConfigurationList section */
		00E6696B1C46C41600F97EAC /* Build configuration list for PBXProject "Sound Manager Demo" */ = {
			isa = XCConfigurationList;
			buildConfigurations = (
				00E6699B1C46C41700F97EAC /* Debug */,
				00E6699C1C46C41700F97EAC /* Release */,
			);
			defaultConfigurationIsVisible = 0;
			defaultConfigurationName = Release;
		};
		00E6699D1C46C41700F97EAC /* Build configuration list for PBXNativeTarget "Sound Manager Demo" */ = {
			isa = XCConfigurationList;
			buildConfigurations = (
				00E6699E1C46C41700F97EAC /* Debug */,
				00E6699F1C46C41700F97EAC /* Release */,
			);
			defaultConfigurationIsVisible = 0;
			defaultConfigurationName = Release;
		};
		00E669A01C46C41700F97EAC /* Build configuration list for PBXNativeTarget "Sound Manager DemoTests" */ = {
			isa = XCConfigurationList;
			buildConfigurations = (
				00E669A11C46C41700F97EAC /* Debug */,
				00E669A21C46C41700F97EAC /* Release */,
			);
			defaultConfigurationIsVisible = 0;
			defaultConfigurationName = Release;
		};
/* End XCConfigurationList section */
	};
	rootObject = 00E669681C46C41600F97EAC /* Project object */;
}
